{
  "name": "Local-News-Hub",
  "lockfileVersion": 3,
  "requires": true,
  "packages": {
    "": {
      "dependencies": {
        "@ckeditor/ckeditor5-build-classic": "^38.0.0",
        "@ckeditor/ckeditor5-react": "^6.0.0",
        "react-responsive-carousel": "^3.2.23"
      }
    },
    "node_modules/@ckeditor/ckeditor5-adapter-ckfinder": {
      "version": "38.0.0",
      "resolved": "https://registry.npmjs.org/@ckeditor/ckeditor5-adapter-ckfinder/-/ckeditor5-adapter-ckfinder-38.0.0.tgz",
      "integrity": "sha512-2I84aEKY/EGUIntRuN8VRYeGCtuL5MGDAz8w3ReRNgRvTcNbPTAj+F/LsHrvwTKutu87xpaITTg6xmiKHNsPHg==",
      "dependencies": {
        "ckeditor5": "^38.0.0"
      },
      "engines": {
        "node": ">=16.0.0",
        "npm": ">=5.7.1"
      }
    },
    "node_modules/@ckeditor/ckeditor5-autoformat": {
      "version": "38.0.0",
      "resolved": "https://registry.npmjs.org/@ckeditor/ckeditor5-autoformat/-/ckeditor5-autoformat-38.0.0.tgz",
      "integrity": "sha512-IEYpd2swlzh9AeoKRGteghi8KrwCIbiwlctRpziqIDK1xg8l3JqNd2DTpu+M9wXwNbOvGD2yANE1nc5a8UyG/Q==",
      "dependencies": {
        "ckeditor5": "^38.0.0"
      },
      "engines": {
        "node": ">=16.0.0",
        "npm": ">=5.7.1"
      }
    },
    "node_modules/@ckeditor/ckeditor5-basic-styles": {
      "version": "38.0.0",
      "resolved": "https://registry.npmjs.org/@ckeditor/ckeditor5-basic-styles/-/ckeditor5-basic-styles-38.0.0.tgz",
      "integrity": "sha512-IaeJ99LlG8iGcOdoAab0rH5cNP3czF2Ya5yQvkWLzw63fodxWbunLPRaZ9WW6dnfTHPop+E9TpLQEuP33DazzQ==",
      "dependencies": {
        "ckeditor5": "^38.0.0"
      },
      "engines": {
        "node": ">=16.0.0",
        "npm": ">=5.7.1"
      }
    },
    "node_modules/@ckeditor/ckeditor5-block-quote": {
      "version": "38.0.0",
      "resolved": "https://registry.npmjs.org/@ckeditor/ckeditor5-block-quote/-/ckeditor5-block-quote-38.0.0.tgz",
      "integrity": "sha512-xETTFP27XCx0esAOzQlSVC0/7SdgmuiGPZKvgKI5ocmB3kgKb5xCg9W0AXyaT3vRRdwMDNMbyRvwJ6o2D/zOSA==",
      "dependencies": {
        "ckeditor5": "^38.0.0"
      },
      "engines": {
        "node": ">=16.0.0",
        "npm": ">=5.7.1"
      }
    },
    "node_modules/@ckeditor/ckeditor5-build-classic": {
      "version": "38.0.0",
      "resolved": "https://registry.npmjs.org/@ckeditor/ckeditor5-build-classic/-/ckeditor5-build-classic-38.0.0.tgz",
      "integrity": "sha512-4pFpJ1AvwyhnyH+xkCy3AvvBpiM9KcmJgJ6E0BpZLl1j9BK9cdT+2aqjewRZlqC4d99J7KKMCsy7/7ThPlsnEg==",
      "dependencies": {
        "@ckeditor/ckeditor5-adapter-ckfinder": "^38.0.0",
        "@ckeditor/ckeditor5-autoformat": "^38.0.0",
        "@ckeditor/ckeditor5-basic-styles": "^38.0.0",
        "@ckeditor/ckeditor5-block-quote": "^38.0.0",
        "@ckeditor/ckeditor5-ckbox": "^38.0.0",
        "@ckeditor/ckeditor5-ckfinder": "^38.0.0",
        "@ckeditor/ckeditor5-cloud-services": "^38.0.0",
        "@ckeditor/ckeditor5-easy-image": "^38.0.0",
        "@ckeditor/ckeditor5-editor-classic": "^38.0.0",
        "@ckeditor/ckeditor5-essentials": "^38.0.0",
        "@ckeditor/ckeditor5-heading": "^38.0.0",
        "@ckeditor/ckeditor5-image": "^38.0.0",
        "@ckeditor/ckeditor5-indent": "^38.0.0",
        "@ckeditor/ckeditor5-link": "^38.0.0",
        "@ckeditor/ckeditor5-list": "^38.0.0",
        "@ckeditor/ckeditor5-media-embed": "^38.0.0",
        "@ckeditor/ckeditor5-paragraph": "^38.0.0",
        "@ckeditor/ckeditor5-paste-from-office": "^38.0.0",
        "@ckeditor/ckeditor5-table": "^38.0.0",
        "@ckeditor/ckeditor5-typing": "^38.0.0"
      },
      "engines": {
        "node": ">=16.0.0",
        "npm": ">=5.7.1"
      }
    },
    "node_modules/@ckeditor/ckeditor5-ckbox": {
      "version": "38.0.0",
      "resolved": "https://registry.npmjs.org/@ckeditor/ckeditor5-ckbox/-/ckeditor5-ckbox-38.0.0.tgz",
      "integrity": "sha512-7/TwLeJi3Hug59hp18JEL70GWBlMuaYFCc9EMGSYukg1ljb+pGBDNUfif9CAPIR3cYvbncrSc96Iqtexk9lqYA==",
      "dependencies": {
        "ckeditor5": "^38.0.0"
      },
      "engines": {
        "node": ">=16.0.0",
        "npm": ">=5.7.1"
      }
    },
    "node_modules/@ckeditor/ckeditor5-ckfinder": {
      "version": "38.0.0",
      "resolved": "https://registry.npmjs.org/@ckeditor/ckeditor5-ckfinder/-/ckeditor5-ckfinder-38.0.0.tgz",
      "integrity": "sha512-pdRcUr5OXCtdqOm9uI4UPEHMHO/Luoh5cZr6YS8xF0PBAZzMc+mQ7CgCO3C2xtPxndq8EBCU2gsqbadQeM3qVA==",
      "dependencies": {
        "ckeditor5": "^38.0.0"
      },
      "engines": {
        "node": ">=16.0.0",
        "npm": ">=5.7.1"
      }
    },
    "node_modules/@ckeditor/ckeditor5-clipboard": {
      "version": "38.0.0",
      "resolved": "https://registry.npmjs.org/@ckeditor/ckeditor5-clipboard/-/ckeditor5-clipboard-38.0.0.tgz",
      "integrity": "sha512-uY6NH2V67PGFoPwgHlpPJXgluZ9ObHakkSHQYR+qKon71gJ5aJ+zI88Lpz9NMosMah9pAEUNdT7tgFPowfCtjw==",
      "dependencies": {
        "@ckeditor/ckeditor5-core": "^38.0.0",
        "@ckeditor/ckeditor5-engine": "^38.0.0",
        "@ckeditor/ckeditor5-ui": "^38.0.0",
        "@ckeditor/ckeditor5-utils": "^38.0.0",
        "@ckeditor/ckeditor5-widget": "^38.0.0",
        "lodash-es": "^4.17.15"
      },
      "engines": {
        "node": ">=16.0.0",
        "npm": ">=5.7.1"
      }
    },
    "node_modules/@ckeditor/ckeditor5-cloud-services": {
      "version": "38.0.0",
      "resolved": "https://registry.npmjs.org/@ckeditor/ckeditor5-cloud-services/-/ckeditor5-cloud-services-38.0.0.tgz",
      "integrity": "sha512-qj9GXgD223Ao3jbDPtlAn2LXArFiYNrf77uJ1IbI+B7U+G085BKlCm0bnwDX+0vltDppUddUlPFQoo/W3onmAw==",
      "dependencies": {
        "ckeditor5": "^38.0.0"
      },
      "engines": {
        "node": ">=16.0.0",
        "npm": ">=5.7.1"
      }
    },
    "node_modules/@ckeditor/ckeditor5-core": {
      "version": "38.0.0",
      "resolved": "https://registry.npmjs.org/@ckeditor/ckeditor5-core/-/ckeditor5-core-38.0.0.tgz",
      "integrity": "sha512-J+OP35tA6Ia86L2JGdpl9MpUGPwDVGujiPuF+ktXVHzkeYYB9bFDnuXw4MVN8E+eTAAwmDY/TSz9cL5RP6OkFA==",
      "dependencies": {
        "@ckeditor/ckeditor5-engine": "^38.0.0",
        "@ckeditor/ckeditor5-utils": "^38.0.0",
        "lodash-es": "^4.17.15"
      },
      "engines": {
        "node": ">=16.0.0",
        "npm": ">=5.7.1"
      }
    },
    "node_modules/@ckeditor/ckeditor5-easy-image": {
      "version": "38.0.0",
      "resolved": "https://registry.npmjs.org/@ckeditor/ckeditor5-easy-image/-/ckeditor5-easy-image-38.0.0.tgz",
      "integrity": "sha512-Dbi6ujNd9h3ziQ51KvLLKOKaJnlfPasnMEhCmgM9QE/vvn9bW+7FFB6Tc3dDjuB/AfhasZLtktiuDzPZ+FtWhw==",
      "dependencies": {
        "ckeditor5": "^38.0.0"
      },
      "engines": {
        "node": ">=16.0.0",
        "npm": ">=5.7.1"
      }
    },
    "node_modules/@ckeditor/ckeditor5-editor-classic": {
      "version": "38.0.0",
      "resolved": "https://registry.npmjs.org/@ckeditor/ckeditor5-editor-classic/-/ckeditor5-editor-classic-38.0.0.tgz",
      "integrity": "sha512-BY5lFCOTDVdDhac+rYCNZ3EfKs3T9ywxyIFSY2VTq0JvknjCtRnHZFOH6cfq+jMhD5DPs4EhL4lIK8OGpkg8qw==",
      "dependencies": {
        "ckeditor5": "^38.0.0",
        "lodash-es": "^4.17.15"
      },
      "engines": {
        "node": ">=16.0.0",
        "npm": ">=5.7.1"
      }
    },
    "node_modules/@ckeditor/ckeditor5-engine": {
      "version": "38.0.0",
      "resolved": "https://registry.npmjs.org/@ckeditor/ckeditor5-engine/-/ckeditor5-engine-38.0.0.tgz",
      "integrity": "sha512-xwtHcfuf75tjhajZ7OU9I2hQCMpo7jxacVfX+9Yr1m/1PSkrE3Rm4NaqK2rmLRM/4bp/GjFJSijPdoKYlUvpzQ==",
      "dependencies": {
        "@ckeditor/ckeditor5-utils": "^38.0.0",
        "lodash-es": "^4.17.15"
      },
      "engines": {
        "node": ">=16.0.0",
        "npm": ">=5.7.1"
      }
    },
    "node_modules/@ckeditor/ckeditor5-enter": {
      "version": "38.0.0",
      "resolved": "https://registry.npmjs.org/@ckeditor/ckeditor5-enter/-/ckeditor5-enter-38.0.0.tgz",
      "integrity": "sha512-GdDuhAcpRUtfTeLrMOe2KUTK1G+TNpvdPJ+WTAK7YfBZZXUc8kk/0REpmIp+2p20Tc2c++xuocZSx2J9ePq9zA==",
      "dependencies": {
        "@ckeditor/ckeditor5-core": "^38.0.0",
        "@ckeditor/ckeditor5-engine": "^38.0.0",
        "@ckeditor/ckeditor5-utils": "^38.0.0"
      },
      "engines": {
        "node": ">=16.0.0",
        "npm": ">=5.7.1"
      }
    },
    "node_modules/@ckeditor/ckeditor5-essentials": {
      "version": "38.0.0",
      "resolved": "https://registry.npmjs.org/@ckeditor/ckeditor5-essentials/-/ckeditor5-essentials-38.0.0.tgz",
      "integrity": "sha512-dA9WnH8lS+gvlgwOts2eCp8MIHvqgeC9Xp+HR3uCG2kleNrJ9cMQL0sQNFgj5Nmqtk/krypWBIQH6fqTL2urag==",
      "dependencies": {
        "ckeditor5": "^38.0.0"
      },
      "engines": {
        "node": ">=16.0.0",
        "npm": ">=5.7.1"
      }
    },
    "node_modules/@ckeditor/ckeditor5-heading": {
      "version": "38.0.0",
      "resolved": "https://registry.npmjs.org/@ckeditor/ckeditor5-heading/-/ckeditor5-heading-38.0.0.tgz",
      "integrity": "sha512-qEEniLcGJjtVfDb+KkYjL/bjjpajuS0mukFTwemLY3IXLz9i/dJY/a6nokTysc7YVNPfPobHR6F362PU39CdUg==",
      "dependencies": {
        "ckeditor5": "^38.0.0"
      },
      "engines": {
        "node": ">=16.0.0",
        "npm": ">=5.7.1"
      }
    },
    "node_modules/@ckeditor/ckeditor5-image": {
      "version": "38.0.0",
      "resolved": "https://registry.npmjs.org/@ckeditor/ckeditor5-image/-/ckeditor5-image-38.0.0.tgz",
      "integrity": "sha512-QVT6jGBJ4dukgf1DBIE5aK3tr6M+lwhL97Nd4A2eaQvPicJpYKPwJfMqoNI9U3yt39X8lwisRD5eKyfrPE3pPw==",
      "dependencies": {
        "@ckeditor/ckeditor5-ui": "^38.0.0",
        "ckeditor5": "^38.0.0",
        "lodash-es": "^4.17.15"
      },
      "engines": {
        "node": ">=16.0.0",
        "npm": ">=5.7.1"
      }
    },
    "node_modules/@ckeditor/ckeditor5-indent": {
      "version": "38.0.0",
      "resolved": "https://registry.npmjs.org/@ckeditor/ckeditor5-indent/-/ckeditor5-indent-38.0.0.tgz",
      "integrity": "sha512-DBSqF3+mBcoWSno3B783JI+697aU2pH9GjbPgKLZmHg3/oJTJVjarSnvc36c9PdNx6WylwaCJkLLzLOS1p/zMA==",
      "dependencies": {
        "ckeditor5": "^38.0.0"
      },
      "engines": {
        "node": ">=16.0.0",
        "npm": ">=5.7.1"
      }
    },
    "node_modules/@ckeditor/ckeditor5-link": {
      "version": "38.0.0",
      "resolved": "https://registry.npmjs.org/@ckeditor/ckeditor5-link/-/ckeditor5-link-38.0.0.tgz",
      "integrity": "sha512-UuSSddSDQO3EkHx4ZmuyGQ0RGsLoNAaUXmJk2/ZRE9P/oUdZoihMCTifGxZ92JX4pIKDqqEB8SzgGXIRHZ73wQ==",
      "dependencies": {
        "@ckeditor/ckeditor5-ui": "^38.0.0",
        "ckeditor5": "^38.0.0",
        "lodash-es": "^4.17.15"
      },
      "engines": {
        "node": ">=16.0.0",
        "npm": ">=5.7.1"
      }
    },
    "node_modules/@ckeditor/ckeditor5-list": {
      "version": "38.0.0",
      "resolved": "https://registry.npmjs.org/@ckeditor/ckeditor5-list/-/ckeditor5-list-38.0.0.tgz",
      "integrity": "sha512-u7bP5hc9+LZfOtQQQdG8p/mUiIYRWG/G4/6iOfZz+G7K3oVYMhtR6shwxutRb/jxBRK9PdOphtWg245T7rzK3A==",
      "dependencies": {
        "@ckeditor/ckeditor5-ui": "^38.0.0",
        "ckeditor5": "^38.0.0"
      },
      "engines": {
        "node": ">=16.0.0",
        "npm": ">=5.7.1"
      }
    },
    "node_modules/@ckeditor/ckeditor5-media-embed": {
      "version": "38.0.0",
      "resolved": "https://registry.npmjs.org/@ckeditor/ckeditor5-media-embed/-/ckeditor5-media-embed-38.0.0.tgz",
      "integrity": "sha512-hIyB7wNtS/bZ6nXogHoh3fxygH6eFZm1wkdp5X/XlRh5MyLlxhMLFwXP/HS1urn5rFWCOBgSSAZqVw6XaLw7Qw==",
      "dependencies": {
        "@ckeditor/ckeditor5-ui": "^38.0.0",
        "ckeditor5": "^38.0.0"
      },
      "engines": {
        "node": ">=16.0.0",
        "npm": ">=5.7.1"
      }
    },
    "node_modules/@ckeditor/ckeditor5-paragraph": {
      "version": "38.0.0",
      "resolved": "https://registry.npmjs.org/@ckeditor/ckeditor5-paragraph/-/ckeditor5-paragraph-38.0.0.tgz",
      "integrity": "sha512-HPDS7MxNB/5Zf3X+vHcAQOqvN4dDl/ZdmxLlLNjGqFmSsoRLxN4FoRLHnbIifCjis/fFmClSxzzfc5AifKA2Vg==",
      "dependencies": {
        "@ckeditor/ckeditor5-core": "^38.0.0",
        "@ckeditor/ckeditor5-ui": "^38.0.0",
        "@ckeditor/ckeditor5-utils": "^38.0.0"
      },
      "engines": {
        "node": ">=16.0.0",
        "npm": ">=5.7.1"
      }
    },
    "node_modules/@ckeditor/ckeditor5-paste-from-office": {
      "version": "38.0.0",
      "resolved": "https://registry.npmjs.org/@ckeditor/ckeditor5-paste-from-office/-/ckeditor5-paste-from-office-38.0.0.tgz",
      "integrity": "sha512-VvtGdf8PEBZ6tndxHkskd5/H05Pj+iSVj3Woh7VKtEbC7EZ7ztG4JfQGV0wqDDuVXkPtIVH8589RqHEGt1Wb7Q==",
      "dependencies": {
        "ckeditor5": "^38.0.0"
      },
      "engines": {
        "node": ">=16.0.0",
        "npm": ">=5.7.1"
      }
    },
    "node_modules/@ckeditor/ckeditor5-react": {
      "version": "6.0.0",
      "resolved": "https://registry.npmjs.org/@ckeditor/ckeditor5-react/-/ckeditor5-react-6.0.0.tgz",
      "integrity": "sha512-Yw0MlWfUXelGJ7qcFCYlaRlDEsEr0Lh7Wa2NGDT4+kscwcck9x8F1qm7xmjwJZ9bj79GC9rnCxsIqmq2etmZFA==",
      "hasInstallScript": true,
      "dependencies": {
        "prop-types": "^15.7.2"
      },
      "engines": {
        "node": ">=16.0.0",
        "npm": ">=5.7.1"
      },
      "peerDependencies": {
        "@ckeditor/ckeditor5-core": ">=37.0.0",
        "@ckeditor/ckeditor5-engine": ">=37.0.0",
        "@ckeditor/ckeditor5-utils": ">=37.0.0",
        "@ckeditor/ckeditor5-watchdog": ">=37.0.0",
        "react": "^16.13.1 || ^17.0.0 || ^18.0.0"
      }
    },
    "node_modules/@ckeditor/ckeditor5-select-all": {
      "version": "38.0.0",
      "resolved": "https://registry.npmjs.org/@ckeditor/ckeditor5-select-all/-/ckeditor5-select-all-38.0.0.tgz",
      "integrity": "sha512-VVucBIUrDuAEHnObmW0HVF+/O8Gr1yuUjgAHoBeMX4vroMfO8cHJzjuuV6ksrmblRzpdR2mIe96qx9E5oiqWMg==",
      "dependencies": {
        "@ckeditor/ckeditor5-core": "^38.0.0",
        "@ckeditor/ckeditor5-ui": "^38.0.0",
        "@ckeditor/ckeditor5-utils": "^38.0.0"
      },
      "engines": {
        "node": ">=16.0.0",
        "npm": ">=5.7.1"
      }
    },
    "node_modules/@ckeditor/ckeditor5-table": {
      "version": "38.0.0",
      "resolved": "https://registry.npmjs.org/@ckeditor/ckeditor5-table/-/ckeditor5-table-38.0.0.tgz",
      "integrity": "sha512-RYPzMm2ocQAt86IW9yvehF15j5bvfFlNuaOpkp3q3+NTSOLycMHDPXQkNDJJM51J+urdDl3FrPgxHwcnjjCQHw==",
      "dependencies": {
        "ckeditor5": "^38.0.0",
        "lodash-es": "^4.17.15"
      },
      "engines": {
        "node": ">=16.0.0",
        "npm": ">=5.7.1"
      }
    },
    "node_modules/@ckeditor/ckeditor5-typing": {
      "version": "38.0.0",
      "resolved": "https://registry.npmjs.org/@ckeditor/ckeditor5-typing/-/ckeditor5-typing-38.0.0.tgz",
      "integrity": "sha512-Ts2e1BohJjBU8debU5rrnTqIN7uvunKrsNPPW6H7sjh+zXolqMK+nqpS8ZNYiYZZ7G3wwN2Ws1kF9cm/wz5dew==",
      "dependencies": {
        "@ckeditor/ckeditor5-core": "^38.0.0",
        "@ckeditor/ckeditor5-engine": "^38.0.0",
        "@ckeditor/ckeditor5-utils": "^38.0.0",
        "lodash-es": "^4.17.15"
      },
      "engines": {
        "node": ">=16.0.0",
        "npm": ">=5.7.1"
      }
    },
    "node_modules/@ckeditor/ckeditor5-ui": {
      "version": "38.0.0",
      "resolved": "https://registry.npmjs.org/@ckeditor/ckeditor5-ui/-/ckeditor5-ui-38.0.0.tgz",
      "integrity": "sha512-Q6suIOozT1YWejH07dPMB0wDc7oqoKCzh8yU7Co8NGFv3M34Qjk4AXmPXedXsoaM/0S0zvFX1m5UrbdAAhzUtg==",
      "dependencies": {
        "@ckeditor/ckeditor5-core": "^38.0.0",
        "@ckeditor/ckeditor5-utils": "^38.0.0",
        "color-convert": "2.0.1",
        "color-parse": "1.4.2",
        "lodash-es": "^4.17.15",
        "vanilla-colorful": "0.7.2"
      },
      "engines": {
        "node": ">=16.0.0",
        "npm": ">=5.7.1"
      }
    },
    "node_modules/@ckeditor/ckeditor5-undo": {
      "version": "38.0.0",
      "resolved": "https://registry.npmjs.org/@ckeditor/ckeditor5-undo/-/ckeditor5-undo-38.0.0.tgz",
      "integrity": "sha512-IDQ7LABZFpwKfPkme+lfEadmiNoO2C1CTli/lV+vWF+U/WFUl8u2c+R12GlHHfOKeeCbgexjbijHWWAvF94cMw==",
      "dependencies": {
        "@ckeditor/ckeditor5-core": "^38.0.0",
        "@ckeditor/ckeditor5-engine": "^38.0.0",
        "@ckeditor/ckeditor5-ui": "^38.0.0"
      },
      "engines": {
        "node": ">=16.0.0",
        "npm": ">=5.7.1"
      }
    },
    "node_modules/@ckeditor/ckeditor5-upload": {
      "version": "38.0.0",
      "resolved": "https://registry.npmjs.org/@ckeditor/ckeditor5-upload/-/ckeditor5-upload-38.0.0.tgz",
      "integrity": "sha512-kgp2YBXnF5dWEyHT7CdJsoGFREUVzYOt6WeuQiCXSe2VzGfvEdxATx1noDgZlWtm5hJoOx7xrBVicpcvcXGr5g==",
      "dependencies": {
        "@ckeditor/ckeditor5-core": "^38.0.0",
        "@ckeditor/ckeditor5-ui": "^38.0.0",
        "@ckeditor/ckeditor5-utils": "^38.0.0"
      },
      "engines": {
        "node": ">=16.0.0",
        "npm": ">=5.7.1"
      }
    },
    "node_modules/@ckeditor/ckeditor5-utils": {
      "version": "38.0.0",
      "resolved": "https://registry.npmjs.org/@ckeditor/ckeditor5-utils/-/ckeditor5-utils-38.0.0.tgz",
      "integrity": "sha512-bT8Aao2ThonIf9Z4VgFTiL8UGd7q/75okYDu35vQEzHXmfxI5uoVNcvbFjqW1hZ7ALoMk4bsf41MZeZbzgZmGA==",
      "dependencies": {
        "lodash-es": "^4.17.15"
      },
      "engines": {
        "node": ">=16.0.0",
        "npm": ">=5.7.1"
      }
    },
    "node_modules/@ckeditor/ckeditor5-watchdog": {
      "version": "38.0.0",
      "resolved": "https://registry.npmjs.org/@ckeditor/ckeditor5-watchdog/-/ckeditor5-watchdog-38.0.0.tgz",
      "integrity": "sha512-0ymky3wShXFrTeJkYZzH5+nAzfOse4uOSqAyqLVPK0DVduKXgbEyqo9v0Pg+zHL+HyS1KBGWjLTSXmJzsvy4QQ==",
      "dependencies": {
        "lodash-es": "^4.17.15"
      },
      "engines": {
        "node": ">=16.0.0",
        "npm": ">=5.7.1"
      }
    },
    "node_modules/@ckeditor/ckeditor5-widget": {
      "version": "38.0.0",
      "resolved": "https://registry.npmjs.org/@ckeditor/ckeditor5-widget/-/ckeditor5-widget-38.0.0.tgz",
      "integrity": "sha512-9aFIcGeEpfV+ZB9qq1fgwBO/l/sUMgARl0sBPPh+DSHAaT2WNHRIopY2jc40gXxgX6ji80ZVn1NZujTiaedqvQ==",
      "dependencies": {
        "@ckeditor/ckeditor5-core": "^38.0.0",
        "@ckeditor/ckeditor5-engine": "^38.0.0",
        "@ckeditor/ckeditor5-enter": "^38.0.0",
        "@ckeditor/ckeditor5-typing": "^38.0.0",
        "@ckeditor/ckeditor5-ui": "^38.0.0",
        "@ckeditor/ckeditor5-utils": "^38.0.0",
        "lodash-es": "^4.17.15"
      },
      "engines": {
        "node": ">=16.0.0",
        "npm": ">=5.7.1"
      }
    },
    "node_modules/ckeditor5": {
      "version": "38.0.0",
      "resolved": "https://registry.npmjs.org/ckeditor5/-/ckeditor5-38.0.0.tgz",
      "integrity": "sha512-BpoV/hBI/b+JkLMyB+OVW1OkoQqn3SvkawWCLe25gUFRceKsio/YUUHqeBGbKCOHVYfYr9pINSjMihVS7HZQFw==",
      "dependencies": {
        "@ckeditor/ckeditor5-clipboard": "^38.0.0",
        "@ckeditor/ckeditor5-core": "^38.0.0",
        "@ckeditor/ckeditor5-engine": "^38.0.0",
        "@ckeditor/ckeditor5-enter": "^38.0.0",
        "@ckeditor/ckeditor5-paragraph": "^38.0.0",
        "@ckeditor/ckeditor5-select-all": "^38.0.0",
        "@ckeditor/ckeditor5-typing": "^38.0.0",
        "@ckeditor/ckeditor5-ui": "^38.0.0",
        "@ckeditor/ckeditor5-undo": "^38.0.0",
        "@ckeditor/ckeditor5-upload": "^38.0.0",
        "@ckeditor/ckeditor5-utils": "^38.0.0",
        "@ckeditor/ckeditor5-watchdog": "^38.0.0",
        "@ckeditor/ckeditor5-widget": "^38.0.0"
      },
      "engines": {
        "node": ">=16.0.0",
        "npm": ">=5.7.1"
      }
    },
    "node_modules/classnames": {
      "version": "2.3.2",
      "resolved": "https://registry.npmjs.org/classnames/-/classnames-2.3.2.tgz",
      "integrity": "sha512-CSbhY4cFEJRe6/GQzIk5qXZ4Jeg5pcsP7b5peFSDpffpe1cqjASH/n9UTjBwOp6XpMSTwQ8Za2K5V02ueA7Tmw=="
    },
    "node_modules/color-convert": {
      "version": "2.0.1",
      "resolved": "https://registry.npmjs.org/color-convert/-/color-convert-2.0.1.tgz",
      "integrity": "sha512-RRECPsj7iu/xb5oKYcsFHSppFNnsj/52OVTRKb4zP5onXwVF3zVmmToNcOfGC+CRDpfK/U584fMg38ZHCaElKQ==",
      "dependencies": {
        "color-name": "~1.1.4"
      },
      "engines": {
        "node": ">=7.0.0"
      }
    },
    "node_modules/color-name": {
      "version": "1.1.4",
      "resolved": "https://registry.npmjs.org/color-name/-/color-name-1.1.4.tgz",
      "integrity": "sha512-dOy+3AuW3a2wNbZHIuMZpTcgjGuLU/uBL/ubcZF9OXbDo8ff4O8yVp5Bf0efS8uEoYo5q4Fx7dY9OgQGXgAsQA=="
    },
    "node_modules/color-parse": {
      "version": "1.4.2",
      "resolved": "https://registry.npmjs.org/color-parse/-/color-parse-1.4.2.tgz",
      "integrity": "sha512-RI7s49/8yqDj3fECFZjUI1Yi0z/Gq1py43oNJivAIIDSyJiOZLfYCRQEgn8HEVAj++PcRe8AnL2XF0fRJ3BTnA==",
      "dependencies": {
        "color-name": "^1.0.0"
      }
    },
    "node_modules/js-tokens": {
      "version": "4.0.0",
      "resolved": "https://registry.npmjs.org/js-tokens/-/js-tokens-4.0.0.tgz",
      "integrity": "sha512-RdJUflcE3cUzKiMqQgsCu06FPu9UdIJO0beYbPhHN4k6apgJtifcoCtT9bcxOpYBtpD2kCM6Sbzg4CausW/PKQ=="
    },
    "node_modules/lodash-es": {
      "version": "4.17.21",
      "resolved": "https://registry.npmjs.org/lodash-es/-/lodash-es-4.17.21.tgz",
      "integrity": "sha512-mKnC+QJ9pWVzv+C4/U3rRsHapFfHvQFoFB92e52xeyGMcX6/OlIl78je1u8vePzYZSkkogMPJ2yjxxsb89cxyw=="
    },
    "node_modules/loose-envify": {
      "version": "1.4.0",
      "resolved": "https://registry.npmjs.org/loose-envify/-/loose-envify-1.4.0.tgz",
      "integrity": "sha512-lyuxPGr/Wfhrlem2CL/UcnUc1zcqKAImBDzukY7Y5F/yQiNdko6+fRLevlw1HgMySw7f611UIY408EtxRSoK3Q==",
      "dependencies": {
        "js-tokens": "^3.0.0 || ^4.0.0"
      },
      "bin": {
        "loose-envify": "cli.js"
      }
    },
    "node_modules/object-assign": {
      "version": "4.1.1",
      "resolved": "https://registry.npmjs.org/object-assign/-/object-assign-4.1.1.tgz",
      "integrity": "sha512-rJgTQnkUnH1sFw8yT6VSU3zD3sWmu6sZhIseY8VX+GRu3P6F7Fu+JNDoXfklElbLJSnc3FUQHVe4cU5hj+BcUg==",
      "engines": {
        "node": ">=0.10.0"
      }
    },
    "node_modules/prop-types": {
      "version": "15.8.1",
      "resolved": "https://registry.npmjs.org/prop-types/-/prop-types-15.8.1.tgz",
      "integrity": "sha512-oj87CgZICdulUohogVAR7AjlC0327U4el4L6eAvOqCeudMDVU0NThNaV+b9Df4dXgSP1gXMTnPdhfe/2qDH5cg==",
      "dependencies": {
        "loose-envify": "^1.4.0",
        "object-assign": "^4.1.1",
        "react-is": "^16.13.1"
      }
    },
    "node_modules/react": {
      "version": "18.2.0",
      "resolved": "https://registry.npmjs.org/react/-/react-18.2.0.tgz",
      "integrity": "sha512-/3IjMdb2L9QbBdWiW5e3P2/npwMBaU9mHCSCUzNln0ZCYbcfTsGbTJrU/kGemdH2IWmB2ioZ+zkxtmq6g09fGQ==",
      "peer": true,
      "dependencies": {
        "loose-envify": "^1.1.0"
      },
      "engines": {
        "node": ">=0.10.0"
      }
    },
    "node_modules/react-easy-swipe": {
      "version": "0.0.21",
      "resolved": "https://registry.npmjs.org/react-easy-swipe/-/react-easy-swipe-0.0.21.tgz",
      "integrity": "sha512-OeR2jAxdoqUMHIn/nS9fgreI5hSpgGoL5ezdal4+oO7YSSgJR8ga+PkYGJrSrJ9MKlPcQjMQXnketrD7WNmNsg==",
      "dependencies": {
        "prop-types": "^15.5.8"
      },
      "engines": {
        "node": ">= 6"
      }
    },
    "node_modules/react-is": {
      "version": "16.13.1",
      "resolved": "https://registry.npmjs.org/react-is/-/react-is-16.13.1.tgz",
      "integrity": "sha512-24e6ynE2H+OKt4kqsOvNd8kBpV65zoxbA4BVsEOB3ARVWQki/DHzaUoC5KuON/BiccDaCCTZBuOcfZs70kR8bQ=="
    },
    "node_modules/react-responsive-carousel": {
      "version": "3.2.23",
      "resolved": "https://registry.npmjs.org/react-responsive-carousel/-/react-responsive-carousel-3.2.23.tgz",
      "integrity": "sha512-pqJLsBaKHWJhw/ItODgbVoziR2z4lpcJg+YwmRlSk4rKH32VE633mAtZZ9kDXjy4wFO+pgUZmDKPsPe1fPmHCg==",
      "dependencies": {
        "classnames": "^2.2.5",
        "prop-types": "^15.5.8",
        "react-easy-swipe": "^0.0.21"
      }
    },
    "node_modules/vanilla-colorful": {
      "version": "0.7.2",
      "resolved": "https://registry.npmjs.org/vanilla-colorful/-/vanilla-colorful-0.7.2.tgz",
      "integrity": "sha512-z2YZusTFC6KnLERx1cgoIRX2CjPRP0W75N+3CC6gbvdX5Ch47rZkEMGO2Xnf+IEmi3RiFLxS18gayMA27iU7Kg=="
    }
  }
}
